
Microsoft Visual Studio Solution File, Format Version 12.00
# Visual Studio 15
VisualStudioVersion = 15.0.28307.645
MinimumVisualStudioVersion = 10.0.40219.1
Project("{FAE04EC0-301F-11D3-BF4B-00C04F79EFBC}") = "Feb2021", "Feb2021\Feb2021.csproj", "{7721040B-F0F1-4517-8BD5-77B3DBFD1287}"
EndProject
Global
	GlobalSection(SolutionConfigurationPlatforms) = preSolution
		Debug|Any CPU = Debug|Any CPU
		Release|Any CPU = Release|Any CPU
	EndGlobalSection
	GlobalSection(ProjectConfigurationPlatforms) = postSolution
		{7721040B-F0F1-4517-8BD5-77B3DBFD1287}.Debug|Any CPU.ActiveCfg = Debug|Any CPU
		{7721040B-F0F1-4517-8BD5-77B3DBFD1287}.Debug|Any CPU.Build.0 = Debug|Any CPU
		{7721040B-F0F1-4517-8BD5-77B3DBFD1287}.Release|Any CPU.ActiveCfg = Release|Any CPU
		{7721040B-F0F1-4517-8BD5-77B3DBFD1287}.Release|Any CPU.Build.0 = Release|Any CPU
	EndGlobalSection
	GlobalSection(SolutionProperties) = preSolution
		HideSolutionNode = FALSE
	EndGlobalSection
	GlobalSection(ExtensibilityGlobals) = postSolution
		SolutionGuid = {270CC85E-7723-4DD6-95E9-39087F548E95}
	EndGlobalSection
EndGlobal
